{
  "requires": true,
  "lockfileVersion": 1,
  "dependencies": {
    "spotify-web-api-js": {
      "version": "1.5.0",
      "resolved": "https://registry.npmjs.org/spotify-web-api-js/-/spotify-web-api-js-1.5.0.tgz",
      "integrity": "sha512-65NiRZV6wCpvXM9ihCrqx3T8Y9XSyc6dnNxhT7KuspZuxLlNRYKf/z0y02AnKr+DpDPDk05CH67jtgZMN53GFw=="
    }
  }
}
